
Microsoft Visual Studio Solution File, Format Version 12.00
# Visual Studio Version 17
VisualStudioVersion = 17.0.31903.59
MinimumVisualStudioVersion = 10.0.40219.1
Project("{2150E333-8FDC-42A3-9474-1A3956D46DE8}") = "source", "source", "{750EACDC-868C-4807-B9B8-675879AE8605}"
EndProject
Project("{9A19103F-16F7-4668-BE54-9A1E7A4F7556}") = "XerShade.Website", "source\XerShade.Website\XerShade.Website.csproj", "{ADEE093B-0036-485F-955B-0D10A78D691E}"
EndProject
Project("{2150E333-8FDC-42A3-9474-1A3956D46DE8}") = "Solution Items", "Solution Items", "{4A600C63-14A4-4E7E-B06F-29F9812CFC65}"
	ProjectSection(SolutionItems) = preProject
		.dockerignore.txt = .dockerignore.txt
		docker-compose.yml = docker-compose.yml
		Dockerfile.txt = Dockerfile.txt
	EndProjectSection
EndProject
Global
	GlobalSection(SolutionConfigurationPlatforms) = preSolution
		Debug|Any CPU = Debug|Any CPU
		Release|Any CPU = Release|Any CPU
	EndGlobalSection
	GlobalSection(ProjectConfigurationPlatforms) = postSolution
		{ADEE093B-0036-485F-955B-0D10A78D691E}.Debug|Any CPU.ActiveCfg = Debug|Any CPU
		{ADEE093B-0036-485F-955B-0D10A78D691E}.Debug|Any CPU.Build.0 = Debug|Any CPU
		{ADEE093B-0036-485F-955B-0D10A78D691E}.Release|Any CPU.ActiveCfg = Release|Any CPU
		{ADEE093B-0036-485F-955B-0D10A78D691E}.Release|Any CPU.Build.0 = Release|Any CPU
	EndGlobalSection
	GlobalSection(SolutionProperties) = preSolution
		HideSolutionNode = FALSE
	EndGlobalSection
	GlobalSection(NestedProjects) = preSolution
		{ADEE093B-0036-485F-955B-0D10A78D691E} = {750EACDC-868C-4807-B9B8-675879AE8605}
	EndGlobalSection
	GlobalSection(ExtensibilityGlobals) = postSolution
		SolutionGuid = {39794EFC-C5FD-46A0-ABFF-E45790FABB6B}
	EndGlobalSection
EndGlobal
